
Microsoft Visual Studio Solution File, Format Version 12.00
# Visual Studio Version 17
VisualStudioVersion = 17.8.34322.80
MinimumVisualStudioVersion = 10.0.40219.1
Project("{9A19103F-16F7-4668-BE54-9A1E7A4F7556}") = "Day1_Trebuchet", "Day1_Trebuchet\Day1_Trebuchet.csproj", "{AE8A7D4C-F0BD-4AEC-A968-B9C123BA1CBA}"
EndProject
Project("{9A19103F-16F7-4668-BE54-9A1E7A4F7556}") = "Day4_Scratchcards", "Day4_Scratchcards\Day4_Scratchcards.csproj", "{BC122978-6EFF-4224-92E1-B09943C772CC}"
EndProject
Project("{9A19103F-16F7-4668-BE54-9A1E7A4F7556}") = "Day4_Scratchcards_Part2", "Day4_Scratchcards_Part2\Day4_Scratchcards_Part2.csproj", "{1C6E32F9-79E6-4FCD-9891-E62417728095}"
EndProject
Project("{9A19103F-16F7-4668-BE54-9A1E7A4F7556}") = "Day1_Trebuchet_Part2", "Day1_Trebuchet_Part2\Day1_Trebuchet_Part2.csproj", "{451EEA1D-AB2B-47CB-8AC4-2603D72604D8}"
EndProject
Project("{9A19103F-16F7-4668-BE54-9A1E7A4F7556}") = "Day5_SeedLocation", "Day5_SeedLocation\Day5_SeedLocation.csproj", "{64F865B3-2950-44CD-8C91-055243610A95}"
EndProject
Project("{FAE04EC0-301F-11D3-BF4B-00C04F79EFBC}") = "Day2_Cubes", "Day2_Cubes\Day2_Cubes.csproj", "{B1F68E86-8F30-4076-A13A-48CBCBAC4FCC}"
EndProject
Project("{FAE04EC0-301F-11D3-BF4B-00C04F79EFBC}") = "Day2_Part2", "Day2_Part2\Day2_Part2.csproj", "{4E617874-09D0-45E6-BA64-8A138F1A07BA}"
EndProject
Project("{FAE04EC0-301F-11D3-BF4B-00C04F79EFBC}") = "Day8_LeftRight", "Day8_LeftRight\Day8_LeftRight.csproj", "{B18E8D4F-A44A-47C4-BB3D-CA40CEC07F0C}"
EndProject
Project("{FAE04EC0-301F-11D3-BF4B-00C04F79EFBC}") = "Day8_Part2", "Day8_Part2\Day8_Part2.csproj", "{D989894E-91DA-4B8D-90BF-544592415526}"
EndProject
Global
	GlobalSection(SolutionConfigurationPlatforms) = preSolution
		Debug|Any CPU = Debug|Any CPU
		Release|Any CPU = Release|Any CPU
	EndGlobalSection
	GlobalSection(ProjectConfigurationPlatforms) = postSolution
		{AE8A7D4C-F0BD-4AEC-A968-B9C123BA1CBA}.Debug|Any CPU.ActiveCfg = Debug|Any CPU
		{AE8A7D4C-F0BD-4AEC-A968-B9C123BA1CBA}.Debug|Any CPU.Build.0 = Debug|Any CPU
		{AE8A7D4C-F0BD-4AEC-A968-B9C123BA1CBA}.Release|Any CPU.ActiveCfg = Release|Any CPU
		{AE8A7D4C-F0BD-4AEC-A968-B9C123BA1CBA}.Release|Any CPU.Build.0 = Release|Any CPU
		{BC122978-6EFF-4224-92E1-B09943C772CC}.Debug|Any CPU.ActiveCfg = Debug|Any CPU
		{BC122978-6EFF-4224-92E1-B09943C772CC}.Debug|Any CPU.Build.0 = Debug|Any CPU
		{BC122978-6EFF-4224-92E1-B09943C772CC}.Release|Any CPU.ActiveCfg = Release|Any CPU
		{BC122978-6EFF-4224-92E1-B09943C772CC}.Release|Any CPU.Build.0 = Release|Any CPU
		{1C6E32F9-79E6-4FCD-9891-E62417728095}.Debug|Any CPU.ActiveCfg = Debug|Any CPU
		{1C6E32F9-79E6-4FCD-9891-E62417728095}.Debug|Any CPU.Build.0 = Debug|Any CPU
		{1C6E32F9-79E6-4FCD-9891-E62417728095}.Release|Any CPU.ActiveCfg = Release|Any CPU
		{1C6E32F9-79E6-4FCD-9891-E62417728095}.Release|Any CPU.Build.0 = Release|Any CPU
		{451EEA1D-AB2B-47CB-8AC4-2603D72604D8}.Debug|Any CPU.ActiveCfg = Debug|Any CPU
		{451EEA1D-AB2B-47CB-8AC4-2603D72604D8}.Debug|Any CPU.Build.0 = Debug|Any CPU
		{451EEA1D-AB2B-47CB-8AC4-2603D72604D8}.Release|Any CPU.ActiveCfg = Release|Any CPU
		{451EEA1D-AB2B-47CB-8AC4-2603D72604D8}.Release|Any CPU.Build.0 = Release|Any CPU
		{64F865B3-2950-44CD-8C91-055243610A95}.Debug|Any CPU.ActiveCfg = Debug|Any CPU
		{64F865B3-2950-44CD-8C91-055243610A95}.Debug|Any CPU.Build.0 = Debug|Any CPU
		{64F865B3-2950-44CD-8C91-055243610A95}.Release|Any CPU.ActiveCfg = Release|Any CPU
		{64F865B3-2950-44CD-8C91-055243610A95}.Release|Any CPU.Build.0 = Release|Any CPU
		{B1F68E86-8F30-4076-A13A-48CBCBAC4FCC}.Debug|Any CPU.ActiveCfg = Debug|Any CPU
		{B1F68E86-8F30-4076-A13A-48CBCBAC4FCC}.Debug|Any CPU.Build.0 = Debug|Any CPU
		{B1F68E86-8F30-4076-A13A-48CBCBAC4FCC}.Release|Any CPU.ActiveCfg = Release|Any CPU
		{B1F68E86-8F30-4076-A13A-48CBCBAC4FCC}.Release|Any CPU.Build.0 = Release|Any CPU
		{4E617874-09D0-45E6-BA64-8A138F1A07BA}.Debug|Any CPU.ActiveCfg = Debug|Any CPU
		{4E617874-09D0-45E6-BA64-8A138F1A07BA}.Debug|Any CPU.Build.0 = Debug|Any CPU
		{4E617874-09D0-45E6-BA64-8A138F1A07BA}.Release|Any CPU.ActiveCfg = Release|Any CPU
		{4E617874-09D0-45E6-BA64-8A138F1A07BA}.Release|Any CPU.Build.0 = Release|Any CPU
		{B18E8D4F-A44A-47C4-BB3D-CA40CEC07F0C}.Debug|Any CPU.ActiveCfg = Debug|Any CPU
		{B18E8D4F-A44A-47C4-BB3D-CA40CEC07F0C}.Debug|Any CPU.Build.0 = Debug|Any CPU
		{B18E8D4F-A44A-47C4-BB3D-CA40CEC07F0C}.Release|Any CPU.ActiveCfg = Release|Any CPU
		{B18E8D4F-A44A-47C4-BB3D-CA40CEC07F0C}.Release|Any CPU.Build.0 = Release|Any CPU
		{D989894E-91DA-4B8D-90BF-544592415526}.Debug|Any CPU.ActiveCfg = Debug|Any CPU
		{D989894E-91DA-4B8D-90BF-544592415526}.Debug|Any CPU.Build.0 = Debug|Any CPU
		{D989894E-91DA-4B8D-90BF-544592415526}.Release|Any CPU.ActiveCfg = Release|Any CPU
		{D989894E-91DA-4B8D-90BF-544592415526}.Release|Any CPU.Build.0 = Release|Any CPU
	EndGlobalSection
	GlobalSection(SolutionProperties) = preSolution
		HideSolutionNode = FALSE
	EndGlobalSection
	GlobalSection(ExtensibilityGlobals) = postSolution
		SolutionGuid = {0024FCEF-7C47-4AE4-BF60-959163892C79}
	EndGlobalSection
EndGlobal
